
Microsoft Visual Studio Solution File, Format Version 12.00
# Visual Studio Version 16
VisualStudioVersion = 16.0.31424.327
MinimumVisualStudioVersion = 10.0.40219.1
Project("{9A19103F-16F7-4668-BE54-9A1E7A4F7556}") = "GPS.API.Proxy", "GPS.API.Proxy\GPS.API.Proxy.csproj", "{FA53E067-CAF6-4A61-AC24-1B292E5307B7}"
EndProject
Project("{9A19103F-16F7-4668-BE54-9A1E7A4F7556}") = "GPS.API.Web", "GPS.API.Web\GPS.API.Web.csproj", "{CBD9783A-777E-4C26-96A5-AB4E30B91867}"
EndProject
Project("{9A19103F-16F7-4668-BE54-9A1E7A4F7556}") = "GPS.DataAccess", "GPS.DataAccess\GPS.DataAccess.csproj", "{13409547-CA7E-4D9D-B459-11FD7FC4DDF8}"
EndProject
Project("{9A19103F-16F7-4668-BE54-9A1E7A4F7556}") = "GPS.Domain", "GPS.Domain\GPS.Domain.csproj", "{A65DD6A6-6E8D-4855-B810-91C54C5A1156}"
EndProject
Project("{9A19103F-16F7-4668-BE54-9A1E7A4F7556}") = "GPS.Services", "GPS.Services\GPS.Services.csproj", "{905A457B-769E-42C4-9A92-C34AA15DB7C2}"
EndProject
Project("{00D1A9C2-B5F0-4AF3-8072-F6C62B433612}") = "TrackerDB", "TrackerDB\TrackerDB.sqlproj", "{76A999B9-4413-473A-895D-7BFFAB403299}"
EndProject
Project("{00D1A9C2-B5F0-4AF3-8072-F6C62B433612}") = "TrackerHistoryDB", "TrackerHistoryDB\TrackerHistoryDB.sqlproj", "{DFD2E1D7-FCB5-43D4-A8DB-8F1093FE940A}"
EndProject
Project("{9A19103F-16F7-4668-BE54-9A1E7A4F7556}") = "GPS.Web.Admin", "GPS.Web.Admin\GPS.Web.Admin.csproj", "{F50FA59E-8D18-41CA-A0AB-0A7B159762C6}"
EndProject
Project("{9A19103F-16F7-4668-BE54-9A1E7A4F7556}") = "GPS.Resources", "GPS.Resources\GPS.Resources.csproj", "{3D2C45F6-A079-4B76-8DEA-E412F49CBFDD}"
EndProject
Project("{9A19103F-16F7-4668-BE54-9A1E7A4F7556}") = "GPS.Integration", "GPS.Integration\GPS.Integration.csproj", "{E12A040E-233D-4589-8D6C-80C5FB707C31}"
EndProject
Project("{9A19103F-16F7-4668-BE54-9A1E7A4F7556}") = "GPS.Helper", "GPS.Helper\GPS.Helper.csproj", "{76624C70-8C8E-4A2E-BA9C-942DAEF3D4A0}"
EndProject
Project("{2150E333-8FDC-42A3-9474-1A3956D46DE8}") = "API", "API", "{23C6ADE7-2DF3-430E-90FF-E02A3527AC22}"
EndProject
Project("{2150E333-8FDC-42A3-9474-1A3956D46DE8}") = "Backend", "Backend", "{C7B0D7B8-AA20-49C6-8BF7-AA0619DC98DE}"
EndProject
Project("{2150E333-8FDC-42A3-9474-1A3956D46DE8}") = "Admin", "Admin", "{6206B050-A41C-4DF2-BF4B-7240F52E259E}"
EndProject
Project("{2150E333-8FDC-42A3-9474-1A3956D46DE8}") = "Database", "Database", "{AC343920-C0F8-43B8-B7CF-3CD46AC3E77F}"
EndProject
Project("{2150E333-8FDC-42A3-9474-1A3956D46DE8}") = "FrontEnd", "FrontEnd", "{D6D04448-F8D0-4D6F-B772-7C45C73D1BE6}"
EndProject
Project("{9A19103F-16F7-4668-BE54-9A1E7A4F7556}") = "GPS.Web.Agent", "GPS.Web.Agent\GPS.Web.Agent.csproj", "{74747B58-AEA6-46F6-BD7D-71F15BFA28B3}"
EndProject
Project("{9A19103F-16F7-4668-BE54-9A1E7A4F7556}") = "GPS.API.History", "GPS.API.History\GPS.API.History.csproj", "{8B824E43-754D-4884-81DF-613E5AD178CF}"
EndProject
Project("{9A19103F-16F7-4668-BE54-9A1E7A4F7556}") = "GPS.Server", "GPS.Server\GPS.Server.csproj", "{94B39195-C16D-4197-8680-D98B94AB839A}"
EndProject
Project("{2150E333-8FDC-42A3-9474-1A3956D46DE8}") = "Server", "Server", "{F81F1E04-A2C2-4501-BE8F-23A6EBF2EF0C}"
EndProject
Project("{2150E333-8FDC-42A3-9474-1A3956D46DE8}") = "Common", "Common", "{02B6701B-2F3F-4FC2-BB59-86DF32200E4C}"
EndProject
Project("{9A19103F-16F7-4668-BE54-9A1E7A4F7556}") = "GPS.Common", "GPS.Common\GPS.Common.csproj", "{F37B9DBA-3CB2-4F75-808C-F1FCFD0161C6}"
EndProject
Project("{9A19103F-16F7-4668-BE54-9A1E7A4F7556}") = "GPS.Redis", "GPS.Redis\GPS.Redis.csproj", "{6085C15D-0B5C-4D3D-AA00-681A6F9AD44B}"
EndProject
Project("{9A19103F-16F7-4668-BE54-9A1E7A4F7556}") = "GPS.Models", "GPS.Models\GPS.Models.csproj", "{8C59D45A-6EA8-4160-9ED7-BC50A6E42420}"
EndProject
Project("{9A19103F-16F7-4668-BE54-9A1E7A4F7556}") = "GPS.Proxy", "GPS.Proxy\GPS.Proxy.csproj", "{49E6FE08-D873-4C54-841D-10EB7FFAD678}"
EndProject
Project("{9A19103F-16F7-4668-BE54-9A1E7A4F7556}") = "GPS.API.Server", "GPS.API.Server\GPS.API.Server.csproj", "{C5468BE9-3F42-43BB-8869-6569DCE8345E}"
EndProject
Project("{9A19103F-16F7-4668-BE54-9A1E7A4F7556}") = "GPS.Job", "GPS.Job\GPS.Job.csproj", "{6F3C38F5-2F08-40B3-82F9-0C0BA22F24CD}"
EndProject
Project("{9A19103F-16F7-4668-BE54-9A1E7A4F7556}") = "GPS.Subscriber", "GPS.Subscriber\GPS.Subscriber.csproj", "{08A69DD2-07BB-4DF7-82DA-81C60197E051}"
EndProject
Global
	GlobalSection(SolutionConfigurationPlatforms) = preSolution
		Debug|Any CPU = Debug|Any CPU
		Release|Any CPU = Release|Any CPU
	EndGlobalSection
	GlobalSection(ProjectConfigurationPlatforms) = postSolution
		{FA53E067-CAF6-4A61-AC24-1B292E5307B7}.Debug|Any CPU.ActiveCfg = Debug|Any CPU
		{FA53E067-CAF6-4A61-AC24-1B292E5307B7}.Debug|Any CPU.Build.0 = Debug|Any CPU
		{FA53E067-CAF6-4A61-AC24-1B292E5307B7}.Release|Any CPU.ActiveCfg = Release|Any CPU
		{FA53E067-CAF6-4A61-AC24-1B292E5307B7}.Release|Any CPU.Build.0 = Release|Any CPU
		{CBD9783A-777E-4C26-96A5-AB4E30B91867}.Debug|Any CPU.ActiveCfg = Debug|Any CPU
		{CBD9783A-777E-4C26-96A5-AB4E30B91867}.Debug|Any CPU.Build.0 = Debug|Any CPU
		{CBD9783A-777E-4C26-96A5-AB4E30B91867}.Release|Any CPU.ActiveCfg = Release|Any CPU
		{CBD9783A-777E-4C26-96A5-AB4E30B91867}.Release|Any CPU.Build.0 = Release|Any CPU
		{13409547-CA7E-4D9D-B459-11FD7FC4DDF8}.Debug|Any CPU.ActiveCfg = Debug|Any CPU
		{13409547-CA7E-4D9D-B459-11FD7FC4DDF8}.Debug|Any CPU.Build.0 = Debug|Any CPU
		{13409547-CA7E-4D9D-B459-11FD7FC4DDF8}.Release|Any CPU.ActiveCfg = Release|Any CPU
		{13409547-CA7E-4D9D-B459-11FD7FC4DDF8}.Release|Any CPU.Build.0 = Release|Any CPU
		{A65DD6A6-6E8D-4855-B810-91C54C5A1156}.Debug|Any CPU.ActiveCfg = Debug|Any CPU
		{A65DD6A6-6E8D-4855-B810-91C54C5A1156}.Debug|Any CPU.Build.0 = Debug|Any CPU
		{A65DD6A6-6E8D-4855-B810-91C54C5A1156}.Release|Any CPU.ActiveCfg = Release|Any CPU
		{A65DD6A6-6E8D-4855-B810-91C54C5A1156}.Release|Any CPU.Build.0 = Release|Any CPU
		{905A457B-769E-42C4-9A92-C34AA15DB7C2}.Debug|Any CPU.ActiveCfg = Debug|Any CPU
		{905A457B-769E-42C4-9A92-C34AA15DB7C2}.Debug|Any CPU.Build.0 = Debug|Any CPU
		{905A457B-769E-42C4-9A92-C34AA15DB7C2}.Release|Any CPU.ActiveCfg = Release|Any CPU
		{905A457B-769E-42C4-9A92-C34AA15DB7C2}.Release|Any CPU.Build.0 = Release|Any CPU
		{76A999B9-4413-473A-895D-7BFFAB403299}.Debug|Any CPU.ActiveCfg = Debug|Any CPU
		{76A999B9-4413-473A-895D-7BFFAB403299}.Debug|Any CPU.Build.0 = Debug|Any CPU
		{76A999B9-4413-473A-895D-7BFFAB403299}.Debug|Any CPU.Deploy.0 = Debug|Any CPU
		{76A999B9-4413-473A-895D-7BFFAB403299}.Release|Any CPU.ActiveCfg = Release|Any CPU
		{76A999B9-4413-473A-895D-7BFFAB403299}.Release|Any CPU.Build.0 = Release|Any CPU
		{76A999B9-4413-473A-895D-7BFFAB403299}.Release|Any CPU.Deploy.0 = Release|Any CPU
		{DFD2E1D7-FCB5-43D4-A8DB-8F1093FE940A}.Debug|Any CPU.ActiveCfg = Debug|Any CPU
		{DFD2E1D7-FCB5-43D4-A8DB-8F1093FE940A}.Debug|Any CPU.Build.0 = Debug|Any CPU
		{DFD2E1D7-FCB5-43D4-A8DB-8F1093FE940A}.Debug|Any CPU.Deploy.0 = Debug|Any CPU
		{DFD2E1D7-FCB5-43D4-A8DB-8F1093FE940A}.Release|Any CPU.ActiveCfg = Release|Any CPU
		{DFD2E1D7-FCB5-43D4-A8DB-8F1093FE940A}.Release|Any CPU.Build.0 = Release|Any CPU
		{DFD2E1D7-FCB5-43D4-A8DB-8F1093FE940A}.Release|Any CPU.Deploy.0 = Release|Any CPU
		{F50FA59E-8D18-41CA-A0AB-0A7B159762C6}.Debug|Any CPU.ActiveCfg = Debug|Any CPU
		{F50FA59E-8D18-41CA-A0AB-0A7B159762C6}.Debug|Any CPU.Build.0 = Debug|Any CPU
		{F50FA59E-8D18-41CA-A0AB-0A7B159762C6}.Release|Any CPU.ActiveCfg = Release|Any CPU
		{F50FA59E-8D18-41CA-A0AB-0A7B159762C6}.Release|Any CPU.Build.0 = Release|Any CPU
		{3D2C45F6-A079-4B76-8DEA-E412F49CBFDD}.Debug|Any CPU.ActiveCfg = Debug|Any CPU
		{3D2C45F6-A079-4B76-8DEA-E412F49CBFDD}.Debug|Any CPU.Build.0 = Debug|Any CPU
		{3D2C45F6-A079-4B76-8DEA-E412F49CBFDD}.Release|Any CPU.ActiveCfg = Release|Any CPU
		{3D2C45F6-A079-4B76-8DEA-E412F49CBFDD}.Release|Any CPU.Build.0 = Release|Any CPU
		{E12A040E-233D-4589-8D6C-80C5FB707C31}.Debug|Any CPU.ActiveCfg = Debug|Any CPU
		{E12A040E-233D-4589-8D6C-80C5FB707C31}.Debug|Any CPU.Build.0 = Debug|Any CPU
		{E12A040E-233D-4589-8D6C-80C5FB707C31}.Release|Any CPU.ActiveCfg = Release|Any CPU
		{E12A040E-233D-4589-8D6C-80C5FB707C31}.Release|Any CPU.Build.0 = Release|Any CPU
		{76624C70-8C8E-4A2E-BA9C-942DAEF3D4A0}.Debug|Any CPU.ActiveCfg = Debug|Any CPU
		{76624C70-8C8E-4A2E-BA9C-942DAEF3D4A0}.Debug|Any CPU.Build.0 = Debug|Any CPU
		{76624C70-8C8E-4A2E-BA9C-942DAEF3D4A0}.Release|Any CPU.ActiveCfg = Release|Any CPU
		{76624C70-8C8E-4A2E-BA9C-942DAEF3D4A0}.Release|Any CPU.Build.0 = Release|Any CPU
		{74747B58-AEA6-46F6-BD7D-71F15BFA28B3}.Debug|Any CPU.ActiveCfg = Debug|Any CPU
		{74747B58-AEA6-46F6-BD7D-71F15BFA28B3}.Debug|Any CPU.Build.0 = Debug|Any CPU
		{74747B58-AEA6-46F6-BD7D-71F15BFA28B3}.Release|Any CPU.ActiveCfg = Release|Any CPU
		{74747B58-AEA6-46F6-BD7D-71F15BFA28B3}.Release|Any CPU.Build.0 = Release|Any CPU
		{8B824E43-754D-4884-81DF-613E5AD178CF}.Debug|Any CPU.ActiveCfg = Debug|Any CPU
		{8B824E43-754D-4884-81DF-613E5AD178CF}.Debug|Any CPU.Build.0 = Debug|Any CPU
		{8B824E43-754D-4884-81DF-613E5AD178CF}.Release|Any CPU.ActiveCfg = Release|Any CPU
		{8B824E43-754D-4884-81DF-613E5AD178CF}.Release|Any CPU.Build.0 = Release|Any CPU
		{94B39195-C16D-4197-8680-D98B94AB839A}.Debug|Any CPU.ActiveCfg = Debug|Any CPU
		{94B39195-C16D-4197-8680-D98B94AB839A}.Debug|Any CPU.Build.0 = Debug|Any CPU
		{94B39195-C16D-4197-8680-D98B94AB839A}.Release|Any CPU.ActiveCfg = Release|Any CPU
		{94B39195-C16D-4197-8680-D98B94AB839A}.Release|Any CPU.Build.0 = Release|Any CPU
		{F37B9DBA-3CB2-4F75-808C-F1FCFD0161C6}.Debug|Any CPU.ActiveCfg = Debug|Any CPU
		{F37B9DBA-3CB2-4F75-808C-F1FCFD0161C6}.Debug|Any CPU.Build.0 = Debug|Any CPU
		{F37B9DBA-3CB2-4F75-808C-F1FCFD0161C6}.Release|Any CPU.ActiveCfg = Release|Any CPU
		{F37B9DBA-3CB2-4F75-808C-F1FCFD0161C6}.Release|Any CPU.Build.0 = Release|Any CPU
		{6085C15D-0B5C-4D3D-AA00-681A6F9AD44B}.Debug|Any CPU.ActiveCfg = Debug|Any CPU
		{6085C15D-0B5C-4D3D-AA00-681A6F9AD44B}.Debug|Any CPU.Build.0 = Debug|Any CPU
		{6085C15D-0B5C-4D3D-AA00-681A6F9AD44B}.Release|Any CPU.ActiveCfg = Release|Any CPU
		{6085C15D-0B5C-4D3D-AA00-681A6F9AD44B}.Release|Any CPU.Build.0 = Release|Any CPU
		{8C59D45A-6EA8-4160-9ED7-BC50A6E42420}.Debug|Any CPU.ActiveCfg = Debug|Any CPU
		{8C59D45A-6EA8-4160-9ED7-BC50A6E42420}.Debug|Any CPU.Build.0 = Debug|Any CPU
		{8C59D45A-6EA8-4160-9ED7-BC50A6E42420}.Release|Any CPU.ActiveCfg = Release|Any CPU
		{8C59D45A-6EA8-4160-9ED7-BC50A6E42420}.Release|Any CPU.Build.0 = Release|Any CPU
		{49E6FE08-D873-4C54-841D-10EB7FFAD678}.Debug|Any CPU.ActiveCfg = Debug|Any CPU
		{49E6FE08-D873-4C54-841D-10EB7FFAD678}.Debug|Any CPU.Build.0 = Debug|Any CPU
		{49E6FE08-D873-4C54-841D-10EB7FFAD678}.Release|Any CPU.ActiveCfg = Release|Any CPU
		{49E6FE08-D873-4C54-841D-10EB7FFAD678}.Release|Any CPU.Build.0 = Release|Any CPU
		{C5468BE9-3F42-43BB-8869-6569DCE8345E}.Debug|Any CPU.ActiveCfg = Debug|Any CPU
		{C5468BE9-3F42-43BB-8869-6569DCE8345E}.Debug|Any CPU.Build.0 = Debug|Any CPU
		{C5468BE9-3F42-43BB-8869-6569DCE8345E}.Release|Any CPU.ActiveCfg = Release|Any CPU
		{C5468BE9-3F42-43BB-8869-6569DCE8345E}.Release|Any CPU.Build.0 = Release|Any CPU
		{6F3C38F5-2F08-40B3-82F9-0C0BA22F24CD}.Debug|Any CPU.ActiveCfg = Debug|Any CPU
		{6F3C38F5-2F08-40B3-82F9-0C0BA22F24CD}.Debug|Any CPU.Build.0 = Debug|Any CPU
		{6F3C38F5-2F08-40B3-82F9-0C0BA22F24CD}.Release|Any CPU.ActiveCfg = Release|Any CPU
		{6F3C38F5-2F08-40B3-82F9-0C0BA22F24CD}.Release|Any CPU.Build.0 = Release|Any CPU
		{08A69DD2-07BB-4DF7-82DA-81C60197E051}.Debug|Any CPU.ActiveCfg = Debug|Any CPU
		{08A69DD2-07BB-4DF7-82DA-81C60197E051}.Debug|Any CPU.Build.0 = Debug|Any CPU
		{08A69DD2-07BB-4DF7-82DA-81C60197E051}.Release|Any CPU.ActiveCfg = Release|Any CPU
		{08A69DD2-07BB-4DF7-82DA-81C60197E051}.Release|Any CPU.Build.0 = Release|Any CPU
	EndGlobalSection
	GlobalSection(SolutionProperties) = preSolution
		HideSolutionNode = FALSE
	EndGlobalSection
	GlobalSection(NestedProjects) = preSolution
		{FA53E067-CAF6-4A61-AC24-1B292E5307B7} = {C7B0D7B8-AA20-49C6-8BF7-AA0619DC98DE}
		{CBD9783A-777E-4C26-96A5-AB4E30B91867} = {23C6ADE7-2DF3-430E-90FF-E02A3527AC22}
		{13409547-CA7E-4D9D-B459-11FD7FC4DDF8} = {C7B0D7B8-AA20-49C6-8BF7-AA0619DC98DE}
		{A65DD6A6-6E8D-4855-B810-91C54C5A1156} = {C7B0D7B8-AA20-49C6-8BF7-AA0619DC98DE}
		{905A457B-769E-42C4-9A92-C34AA15DB7C2} = {C7B0D7B8-AA20-49C6-8BF7-AA0619DC98DE}
		{76A999B9-4413-473A-895D-7BFFAB403299} = {AC343920-C0F8-43B8-B7CF-3CD46AC3E77F}
		{DFD2E1D7-FCB5-43D4-A8DB-8F1093FE940A} = {AC343920-C0F8-43B8-B7CF-3CD46AC3E77F}
		{F50FA59E-8D18-41CA-A0AB-0A7B159762C6} = {6206B050-A41C-4DF2-BF4B-7240F52E259E}
		{3D2C45F6-A079-4B76-8DEA-E412F49CBFDD} = {C7B0D7B8-AA20-49C6-8BF7-AA0619DC98DE}
		{E12A040E-233D-4589-8D6C-80C5FB707C31} = {C7B0D7B8-AA20-49C6-8BF7-AA0619DC98DE}
		{76624C70-8C8E-4A2E-BA9C-942DAEF3D4A0} = {C7B0D7B8-AA20-49C6-8BF7-AA0619DC98DE}
		{74747B58-AEA6-46F6-BD7D-71F15BFA28B3} = {D6D04448-F8D0-4D6F-B772-7C45C73D1BE6}
		{8B824E43-754D-4884-81DF-613E5AD178CF} = {23C6ADE7-2DF3-430E-90FF-E02A3527AC22}
		{94B39195-C16D-4197-8680-D98B94AB839A} = {F81F1E04-A2C2-4501-BE8F-23A6EBF2EF0C}
		{02B6701B-2F3F-4FC2-BB59-86DF32200E4C} = {F81F1E04-A2C2-4501-BE8F-23A6EBF2EF0C}
		{F37B9DBA-3CB2-4F75-808C-F1FCFD0161C6} = {02B6701B-2F3F-4FC2-BB59-86DF32200E4C}
		{6085C15D-0B5C-4D3D-AA00-681A6F9AD44B} = {02B6701B-2F3F-4FC2-BB59-86DF32200E4C}
		{8C59D45A-6EA8-4160-9ED7-BC50A6E42420} = {02B6701B-2F3F-4FC2-BB59-86DF32200E4C}
		{49E6FE08-D873-4C54-841D-10EB7FFAD678} = {F81F1E04-A2C2-4501-BE8F-23A6EBF2EF0C}
		{C5468BE9-3F42-43BB-8869-6569DCE8345E} = {F81F1E04-A2C2-4501-BE8F-23A6EBF2EF0C}
		{6F3C38F5-2F08-40B3-82F9-0C0BA22F24CD} = {6206B050-A41C-4DF2-BF4B-7240F52E259E}
		{08A69DD2-07BB-4DF7-82DA-81C60197E051} = {F81F1E04-A2C2-4501-BE8F-23A6EBF2EF0C}
	EndGlobalSection
	GlobalSection(ExtensibilityGlobals) = postSolution
		SolutionGuid = {509C1949-15D7-4F7F-A4D9-857B1F81F34A}
	EndGlobalSection
EndGlobal
